// !$*UTF8*$!
{
	archiveVersion = 1;
	classes = {
	};
	objectVersion = 46;
	objects = {

/* Begin PBXBuildFile section */
		120045C21C8532A40054372F /* AddressItemView.m in Sources */ = {isa = PBXBuildFile; fileRef = 120045C11C8532A40054372F /* AddressItemView.m */; };
		120D02631C7FEB7E0062204E /* MainViewController.m in Sources */ = {isa = PBXBuildFile; fileRef = 120D02611C7FEB7E0062204E /* MainViewController.m */; };
		120D02641C7FEB7E0062204E /* MainViewController.xib in Resources */ = {isa = PBXBuildFile; fileRef = 120D02621C7FEB7E0062204E /* MainViewController.xib */; };
		1253260D1C7C5C1B000537F6 /* main.m in Sources */ = {isa = PBXBuildFile; fileRef = 1253260C1C7C5C1B000537F6 /* main.m */; };
		125326101C7C5C1B000537F6 /* AppDelegate.m in Sources */ = {isa = PBXBuildFile; fileRef = 1253260F1C7C5C1B000537F6 /* AppDelegate.m */; };
		125326191C7C5C1B000537F6 /* ChaoXun.xcdatamodeld in Sources */ = {isa = PBXBuildFile; fileRef = 125326171C7C5C1B000537F6 /* ChaoXun.xcdatamodeld */; };
		1253261B1C7C5C1B000537F6 /* Assets.xcassets in Resources */ = {isa = PBXBuildFile; fileRef = 1253261A1C7C5C1B000537F6 /* Assets.xcassets */; };
		1253261E1C7C5C1B000537F6 /* LaunchScreen.storyboard in Resources */ = {isa = PBXBuildFile; fileRef = 1253261C1C7C5C1B000537F6 /* LaunchScreen.storyboard */; };
		127BD59A1C87DC3B006FFD0D /* UIView+DDAddition.m in Sources */ = {isa = PBXBuildFile; fileRef = 127BD5991C87DC3B006FFD0D /* UIView+DDAddition.m */; };
		127BD59D1C8805A4006FFD0D /* DrawView.m in Sources */ = {isa = PBXBuildFile; fileRef = 127BD59C1C8805A4006FFD0D /* DrawView.m */; };
/* End PBXBuildFile section */

/* Begin PBXFileReference section */
		120045C01C8532A40054372F /* AddressItemView.h */ = {isa = PBXFileReference; fileEncoding = 4; lastKnownFileType = sourcecode.c.h; path = AddressItemView.h; sourceTree = "<group>"; };
		120045C11C8532A40054372F /* AddressItemView.m */ = {isa = PBXFileReference; fileEncoding = 4; lastKnownFileType = sourcecode.c.objc; path = AddressItemView.m; sourceTree = "<group>"; };
		120D02601C7FEB7E0062204E /* MainViewController.h */ = {isa = PBXFileReference; fileEncoding = 4; lastKnownFileType = sourcecode.c.h; path = MainViewController.h; sourceTree = "<group>"; };
		120D02611C7FEB7E0062204E /* MainViewController.m */ = {isa = PBXFileReference; fileEncoding = 4; lastKnownFileType = sourcecode.c.objc; path = MainViewController.m; sourceTree = "<group>"; };
		120D02621C7FEB7E0062204E /* MainViewController.xib */ = {isa = PBXFileReference; fileEncoding = 4; lastKnownFileType = file.xib; path = MainViewController.xib; sourceTree = "<group>"; };
		120D02651C7FF0E50062204E /* ChaoXunHeader.pch */ = {isa = PBXFileReference; fileEncoding = 4; lastKnownFileType = sourcecode.c.h; path = ChaoXunHeader.pch; sourceTree = "<group>"; };
		125326081C7C5C1B000537F6 /* ChaoXun.app */ = {isa = PBXFileReference; explicitFileType = wrapper.application; includeInIndex = 0; path = ChaoXun.app; sourceTree = BUILT_PRODUCTS_DIR; };
		1253260C1C7C5C1B000537F6 /* main.m */ = {isa = PBXFileReference; lastKnownFileType = sourcecode.c.objc; path = main.m; sourceTree = "<group>"; };
		1253260E1C7C5C1B000537F6 /* AppDelegate.h */ = {isa = PBXFileReference; lastKnownFileType = sourcecode.c.h; path = AppDelegate.h; sourceTree = "<group>"; };
		1253260F1C7C5C1B000537F6 /* AppDelegate.m */ = {isa = PBXFileReference; lastKnownFileType = sourcecode.c.objc; path = AppDelegate.m; sourceTree = "<group>"; };
		125326181C7C5C1B000537F6 /* ChaoXun.xcdatamodel */ = {isa = PBXFileReference; lastKnownFileType = wrapper.xcdatamodel; path = ChaoXun.xcdatamodel; sourceTree = "<group>"; };
		1253261A1C7C5C1B000537F6 /* Assets.xcassets */ = {isa = PBXFileReference; lastKnownFileType = folder.assetcatalog; path = Assets.xcassets; sourceTree = "<group>"; };
		1253261D1C7C5C1B000537F6 /* Base */ = {isa = PBXFileReference; lastKnownFileType = file.storyboard; name = Base; path = Base.lproj/LaunchScreen.storyboard; sourceTree = "<group>"; };
		1253261F1C7C5C1B000537F6 /* Info.plist */ = {isa = PBXFileReference; lastKnownFileType = text.plist.xml; path = Info.plist; sourceTree = "<group>"; };
		127BD5981C87DC3B006FFD0D /* UIView+DDAddition.h */ = {isa = PBXFileReference; fileEncoding = 4; lastKnownFileType = sourcecode.c.h; path = "UIView+DDAddition.h"; sourceTree = "<group>"; };
		127BD5991C87DC3B006FFD0D /* UIView+DDAddition.m */ = {isa = PBXFileReference; fileEncoding = 4; lastKnownFileType = sourcecode.c.objc; path = "UIView+DDAddition.m"; sourceTree = "<group>"; };
		127BD59B1C8805A4006FFD0D /* DrawView.h */ = {isa = PBXFileReference; fileEncoding = 4; lastKnownFileType = sourcecode.c.h; path = DrawView.h; sourceTree = "<group>"; };
		127BD59C1C8805A4006FFD0D /* DrawView.m */ = {isa = PBXFileReference; fileEncoding = 4; lastKnownFileType = sourcecode.c.objc; path = DrawView.m; sourceTree = "<group>"; };
/* End PBXFileReference section */

/* Begin PBXFrameworksBuildPhase section */
		125326051C7C5C1B000537F6 /* Frameworks */ = {
			isa = PBXFrameworksBuildPhase;
			buildActionMask = 2147483647;
			files = (
			);
			runOnlyForDeploymentPostprocessing = 0;
		};
/* End PBXFrameworksBuildPhase section */

/* Begin PBXGroup section */
		120D02661C7FF8BF0062204E /* Vendor */ = {
			isa = PBXGroup;
			children = (
			);
			name = Vendor;
			sourceTree = "<group>";
		};
		125325FF1C7C5C1B000537F6 = {
			isa = PBXGroup;
			children = (
				1253260A1C7C5C1B000537F6 /* ChaoXun */,
				125326091C7C5C1B000537F6 /* Products */,
			);
			sourceTree = "<group>";
		};
		125326091C7C5C1B000537F6 /* Products */ = {
			isa = PBXGroup;
			children = (
				125326081C7C5C1B000537F6 /* ChaoXun.app */,
			);
			name = Products;
			sourceTree = "<group>";
		};
		1253260A1C7C5C1B000537F6 /* ChaoXun */ = {
			isa = PBXGroup;
			children = (
				127BD5971C87DC23006FFD0D /* Category */,
				120D02661C7FF8BF0062204E /* Vendor */,
				1253260E1C7C5C1B000537F6 /* AppDelegate.h */,
				1253260F1C7C5C1B000537F6 /* AppDelegate.m */,
				120D02601C7FEB7E0062204E /* MainViewController.h */,
				120D02611C7FEB7E0062204E /* MainViewController.m */,
				120D02621C7FEB7E0062204E /* MainViewController.xib */,
				120045C01C8532A40054372F /* AddressItemView.h */,
				127BD59B1C8805A4006FFD0D /* DrawView.h */,
				127BD59C1C8805A4006FFD0D /* DrawView.m */,
				120045C11C8532A40054372F /* AddressItemView.m */,
				1253261A1C7C5C1B000537F6 /* Assets.xcassets */,
				1253261C1C7C5C1B000537F6 /* LaunchScreen.storyboard */,
				1253261F1C7C5C1B000537F6 /* Info.plist */,
				125326171C7C5C1B000537F6 /* ChaoXun.xcdatamodeld */,
				1253260B1C7C5C1B000537F6 /* Supporting Files */,
			);
			path = ChaoXun;
			sourceTree = "<group>";
		};
		1253260B1C7C5C1B000537F6 /* Supporting Files */ = {
			isa = PBXGroup;
			children = (
				1253260C1C7C5C1B000537F6 /* main.m */,
				120D02651C7FF0E50062204E /* ChaoXunHeader.pch */,
			);
			name = "Supporting Files";
			sourceTree = "<group>";
		};
		127BD5971C87DC23006FFD0D /* Category */ = {
			isa = PBXGroup;
			children = (
				127BD5981C87DC3B006FFD0D /* UIView+DDAddition.h */,
				127BD5991C87DC3B006FFD0D /* UIView+DDAddition.m */,
			);
			name = Category;
			sourceTree = "<group>";
		};
/* End PBXGroup section */

/* Begin PBXNativeTarget section */
		125326071C7C5C1B000537F6 /* ChaoXun */ = {
			isa = PBXNativeTarget;
			buildConfigurationList = 125326221C7C5C1B000537F6 /* Build configuration list for PBXNativeTarget "ChaoXun" */;
			buildPhases = (
				125326041C7C5C1B000537F6 /* Sources */,
				125326051C7C5C1B000537F6 /* Frameworks */,
				125326061C7C5C1B000537F6 /* Resources */,
			);
			buildRules = (
			);
			dependencies = (
			);
			name = ChaoXun;
			productName = ChaoXun;
			productReference = 125326081C7C5C1B000537F6 /* ChaoXun.app */;
			productType = "com.apple.product-type.application";
		};
/* End PBXNativeTarget section */

/* Begin PBXProject section */
		125326001C7C5C1B000537F6 /* Project object */ = {
			isa = PBXProject;
			attributes = {
				LastUpgradeCheck = 0720;
				ORGANIZATIONNAME = zyc;
				TargetAttributes = {
					125326071C7C5C1B000537F6 = {
						CreatedOnToolsVersion = 7.2;
					};
				};
			};
			buildConfigurationList = 125326031C7C5C1B000537F6 /* Build configuration list for PBXProject "ChaoXun" */;
			compatibilityVersion = "Xcode 3.2";
			developmentRegion = English;
			hasScannedForEncodings = 0;
			knownRegions = (
				en,
				Base,
			);
			mainGroup = 125325FF1C7C5C1B000537F6;
			productRefGroup = 125326091C7C5C1B000537F6 /* Products */;
			projectDirPath = "";
			projectRoot = "";
			targets = (
				125326071C7C5C1B000537F6 /* ChaoXun */,
			);
		};
/* End PBXProject section */

/* Begin PBXResourcesBuildPhase section */
		125326061C7C5C1B000537F6 /* Resources */ = {
			isa = PBXResourcesBuildPhase;
			buildActionMask = 2147483647;
			files = (
				1253261E1C7C5C1B000537F6 /* LaunchScreen.storyboard in Resources */,
				120D02641C7FEB7E0062204E /* MainViewController.xib in Resources */,
				1253261B1C7C5C1B000537F6 /* Assets.xcassets in Resources */,
			);
			runOnlyForDeploymentPostprocessing = 0;
		};
/* End PBXResourcesBuildPhase section */

/* Begin PBXSourcesBuildPhase section */
		125326041C7C5C1B000537F6 /* Sources */ = {
			isa = PBXSourcesBuildPhase;
			buildActionMask = 2147483647;
			files = (
				127BD59A1C87DC3B006FFD0D /* UIView+DDAddition.m in Sources */,
				125326101C7C5C1B000537F6 /* AppDelegate.m in Sources */,
				125326191C7C5C1B000537F6 /* ChaoXun.xcdatamodeld in Sources */,
				1253260D1C7C5C1B000537F6 /* main.m in Sources */,
				127BD59D1C8805A4006FFD0D /* DrawView.m in Sources */,
				120D02631C7FEB7E0062204E /* MainViewController.m in Sources */,
				120045C21C8532A40054372F /* AddressItemView.m in Sources */,
			);
			runOnlyForDeploymentPostprocessing = 0;
		};
/* End PBXSourcesBuildPhase section */

/* Begin PBXVariantGroup section */
		1253261C1C7C5C1B000537F6 /* LaunchScreen.storyboard */ = {
			isa = PBXVariantGroup;
			children = (
				1253261D1C7C5C1B000537F6 /* Base */,
			);
			name = LaunchScreen.storyboard;
			sourceTree = "<group>";
		};
/* End PBXVariantGroup section */

/* Begin XCBuildConfiguration section */
		125326201C7C5C1B000537F6 /* Debug */ = {
			isa = XCBuildConfiguration;
			buildSettings = {
				ALWAYS_SEARCH_USER_PATHS = NO;
				CLANG_CXX_LANGUAGE_STANDARD = "gnu++0x";
				CLANG_CXX_LIBRARY = "libc++";
				CLANG_ENABLE_MODULES = YES;
				CLANG_ENABLE_OBJC_ARC = YES;
				CLANG_WARN_BOOL_CONVERSION = YES;
				CLANG_WARN_CONSTANT_CONVERSION = YES;
				CLANG_WARN_DIRECT_OBJC_ISA_USAGE = YES_ERROR;
				CLANG_WARN_EMPTY_BODY = YES;
				CLANG_WARN_ENUM_CONVERSION = YES;
				CLANG_WARN_INT_CONVERSION = YES;
				CLANG_WARN_OBJC_ROOT_CLASS = YES_ERROR;
				CLANG_WARN_UNREACHABLE_CODE = YES;
				CLANG_WARN__DUPLICATE_METHOD_MATCH = YES;
				"CODE_SIGN_IDENTITY[sdk=iphoneos*]" = "iPhone Developer";
				COPY_PHASE_STRIP = NO;
				DEBUG_INFORMATION_FORMAT = dwarf;
				ENABLE_STRICT_OBJC_MSGSEND = YES;
				ENABLE_TESTABILITY = YES;
				GCC_C_LANGUAGE_STANDARD = gnu99;
				GCC_DYNAMIC_NO_PIC = NO;
				GCC_NO_COMMON_BLOCKS = YES;
				GCC_OPTIMIZATION_LEVEL = 0;
				GCC_PREFIX_HEADER = ChaoXun/ChaoXunHeader.pch;
				GCC_PREPROCESSOR_DEFINITIONS = (
					"DEBUG=1",
					"$(inherited)",
				);
				GCC_WARN_64_TO_32_BIT_CONVERSION = YES;
				GCC_WARN_ABOUT_RETURN_TYPE = YES_ERROR;
				GCC_WARN_UNDECLARED_SELECTOR = YES;
				GCC_WARN_UNINITIALIZED_AUTOS = YES_AGGRESSIVE;
				GCC_WARN_UNUSED_FUNCTION = YES;
				GCC_WARN_UNUSED_VARIABLE = YES;
				IPHONEOS_DEPLOYMENT_TARGET = 9.2;
				MTL_ENABLE_DEBUG_INFO = YES;
				ONLY_ACTIVE_ARCH = YES;
				SDKROOT = iphoneos;
			};
			name = Debug;
		};
		125326211C7C5C1B000537F6 /* Release */ = {
			isa = XCBuildConfiguration;
			buildSettings = {
				ALWAYS_SEARCH_USER_PATHS = NO;
				CLANG_CXX_LANGUAGE_STANDARD = "gnu++0x";
				CLANG_CXX_LIBRARY = "libc++";
				CLANG_ENABLE_MODULES = YES;
				CLANG_ENABLE_OBJC_ARC = YES;
				CLANG_WARN_BOOL_CONVERSION = YES;
				CLANG_WARN_CONSTANT_CONVERSION = YES;
				CLANG_WARN_DIRECT_OBJC_ISA_USAGE = YES_ERROR;
				CLANG_WARN_EMPTY_BODY = YES;
				CLANG_WARN_ENUM_CONVERSION = YES;
				CLANG_WARN_INT_CONVERSION = YES;
				CLANG_WARN_OBJC_ROOT_CLASS = YES_ERROR;
				CLANG_WARN_UNREACHABLE_CODE = YES;
				CLANG_WARN__DUPLICATE_METHOD_MATCH = YES;
				"CODE_SIGN_IDENTITY[sdk=iphoneos*]" = "iPhone Developer";
				COPY_PHASE_STRIP = NO;
				DEBUG_INFORMATION_FORMAT = "dwarf-with-dsym";
				ENABLE_NS_ASSERTIONS = NO;
				ENABLE_STRICT_OBJC_MSGSEND = YES;
				GCC_C_LANGUAGE_STANDARD = gnu99;
				GCC_NO_COMMON_BLOCKS = YES;
				GCC_PREFIX_HEADER = ChaoXun/ChaoXunHeader.pch;
				GCC_WARN_64_TO_32_BIT_CONVERSION = YES;
				GCC_WARN_ABOUT_RETURN_TYPE = YES_ERROR;
				GCC_WARN_UNDECLARED_SELECTOR = YES;
				GCC_WARN_UNINITIALIZED_AUTOS = YES_AGGRESSIVE;
				GCC_WARN_UNUSED_FUNCTION = YES;
				GCC_WARN_UNUSED_VARIABLE = YES;
				IPHONEOS_DEPLOYMENT_TARGET = 9.2;
				MTL_ENABLE_DEBUG_INFO = NO;
				SDKROOT = iphoneos;
				VALIDATE_PRODUCT = YES;
			};
			name = Release;
		};
		125326231C7C5C1B000537F6 /* Debug */ = {
			isa = XCBuildConfiguration;
			buildSettings = {
				ALWAYS_SEARCH_USER_PATHS = NO;
				ASSETCATALOG_COMPILER_APPICON_NAME = AppIcon;
				GCC_PRECOMPILE_PREFIX_HEADER = NO;
				GCC_PREFIX_HEADER = ChaoXun/ChaoXunHeader.pch;
				INFOPLIST_FILE = ChaoXun/Info.plist;
				IPHONEOS_DEPLOYMENT_TARGET = 7.0;
				LD_RUNPATH_SEARCH_PATHS = "$(inherited) @executable_path/Frameworks";
				PRODUCT_BUNDLE_IDENTIFIER = com.zhangyuchang.ChaoXun;
				PRODUCT_NAME = "$(TARGET_NAME)";
			};
			name = Debug;
		};
		125326241C7C5C1B000537F6 /* Release */ = {
			isa = XCBuildConfiguration;
			buildSettings = {
				ALWAYS_SEARCH_USER_PATHS = NO;
				ASSETCATALOG_COMPILER_APPICON_NAME = AppIcon;
				GCC_PRECOMPILE_PREFIX_HEADER = NO;
				GCC_PREFIX_HEADER = ChaoXun/ChaoXunHeader.pch;
				INFOPLIST_FILE = ChaoXun/Info.plist;
				IPHONEOS_DEPLOYMENT_TARGET = 7.0;
				LD_RUNPATH_SEARCH_PATHS = "$(inherited) @executable_path/Frameworks";
				PRODUCT_BUNDLE_IDENTIFIER = com.zhangyuchang.ChaoXun;
				PRODUCT_NAME = "$(TARGET_NAME)";
			};
			name = Release;
		};
/* End XCBuildConfiguration section */

/* Begin XCConfigurationList section */
		125326031C7C5C1B000537F6 /* Build configuration list for PBXProject "ChaoXun" */ = {
			isa = XCConfigurationList;
			buildConfigurations = (
				125326201C7C5C1B000537F6 /* Debug */,
				125326211C7C5C1B000537F6 /* Release */,
			);
			defaultConfigurationIsVisible = 0;
			defaultConfigurationName = Release;
		};
		125326221C7C5C1B000537F6 /* Build configuration list for PBXNativeTarget "ChaoXun" */ = {
			isa = XCConfigurationList;
			buildConfigurations = (
				125326231C7C5C1B000537F6 /* Debug */,
				125326241C7C5C1B000537F6 /* Release */,
			);
			defaultConfigurationIsVisible = 0;
			defaultConfigurationName = Release;
		};
/* End XCConfigurationList section */

/* Begin XCVersionGroup section */
		125326171C7C5C1B000537F6 /* ChaoXun.xcdatamodeld */ = {
			isa = XCVersionGroup;
			children = (
				125326181C7C5C1B000537F6 /* ChaoXun.xcdatamodel */,
			);
			currentVersion = 125326181C7C5C1B000537F6 /* ChaoXun.xcdatamodel */;
			path = ChaoXun.xcdatamodeld;
			sourceTree = "<group>";
			versionGroupType = wrapper.xcdatamodel;
		};
/* End XCVersionGroup section */
	};
	rootObject = 125326001C7C5C1B000537F6 /* Project object */;
}
